
Microsoft Visual Studio Solution File, Format Version 12.00
# Visual Studio Version 16
VisualStudioVersion = 16.0.31410.357
MinimumVisualStudioVersion = 10.0.40219.1
Project("{FAE04EC0-301F-11D3-BF4B-00C04F79EFBC}") = "Encapsulamento e Propriedades", "Encapsulamento e Propriedades\Encapsulamento e Propriedades.csproj", "{CDBA7485-CB22-4024-BD38-BBA3652D8424}"
EndProject
Global
	GlobalSection(SolutionConfigurationPlatforms) = preSolution
		Debug|Any CPU = Debug|Any CPU
		Release|Any CPU = Release|Any CPU
	EndGlobalSection
	GlobalSection(ProjectConfigurationPlatforms) = postSolution
		{CDBA7485-CB22-4024-BD38-BBA3652D8424}.Debug|Any CPU.ActiveCfg = Debug|Any CPU
		{CDBA7485-CB22-4024-BD38-BBA3652D8424}.Debug|Any CPU.Build.0 = Debug|Any CPU
		{CDBA7485-CB22-4024-BD38-BBA3652D8424}.Release|Any CPU.ActiveCfg = Release|Any CPU
		{CDBA7485-CB22-4024-BD38-BBA3652D8424}.Release|Any CPU.Build.0 = Release|Any CPU
	EndGlobalSection
	GlobalSection(SolutionProperties) = preSolution
		HideSolutionNode = FALSE
	EndGlobalSection
	GlobalSection(ExtensibilityGlobals) = postSolution
		SolutionGuid = {D0943FD6-B0ED-4FAC-A710-6B4DF95D7332}
	EndGlobalSection
EndGlobal
